
Microsoft Visual Studio Solution File, Format Version 12.00
# Visual Studio 15
VisualStudioVersion = 15.0.27428.2015
MinimumVisualStudioVersion = 10.0.40219.1
Project("{FAE04EC0-301F-11D3-BF4B-00C04F79EFBC}") = "Array", "Array\Array.csproj", "{10C53900-96F9-4898-AE86-9D9AAAEFBA56}"
EndProject
Global
	GlobalSection(SolutionConfigurationPlatforms) = preSolution
		Debug|Any CPU = Debug|Any CPU
		Release|Any CPU = Release|Any CPU
	EndGlobalSection
	GlobalSection(ProjectConfigurationPlatforms) = postSolution
		{10C53900-96F9-4898-AE86-9D9AAAEFBA56}.Debug|Any CPU.ActiveCfg = Debug|Any CPU
		{10C53900-96F9-4898-AE86-9D9AAAEFBA56}.Debug|Any CPU.Build.0 = Debug|Any CPU
		{10C53900-96F9-4898-AE86-9D9AAAEFBA56}.Release|Any CPU.ActiveCfg = Release|Any CPU
		{10C53900-96F9-4898-AE86-9D9AAAEFBA56}.Release|Any CPU.Build.0 = Release|Any CPU
	EndGlobalSection
	GlobalSection(SolutionProperties) = preSolution
		HideSolutionNode = FALSE
	EndGlobalSection
	GlobalSection(ExtensibilityGlobals) = postSolution
		SolutionGuid = {97649BE9-AA1F-464E-AFC2-9700D7B7D1D3}
	EndGlobalSection
EndGlobal
