
Microsoft Visual Studio Solution File, Format Version 12.00
# Visual Studio 15
VisualStudioVersion = 15.0.27428.2037
MinimumVisualStudioVersion = 10.0.40219.1
Project("{FAE04EC0-301F-11D3-BF4B-00C04F79EFBC}") = "PageObject", "PageObject\PageObject.csproj", "{133D00A0-A9E1-4156-B531-50A196621860}"
EndProject
Global
	GlobalSection(SolutionConfigurationPlatforms) = preSolution
		Debug|Any CPU = Debug|Any CPU
		Release|Any CPU = Release|Any CPU
	EndGlobalSection
	GlobalSection(ProjectConfigurationPlatforms) = postSolution
		{133D00A0-A9E1-4156-B531-50A196621860}.Debug|Any CPU.ActiveCfg = Debug|Any CPU
		{133D00A0-A9E1-4156-B531-50A196621860}.Debug|Any CPU.Build.0 = Debug|Any CPU
		{133D00A0-A9E1-4156-B531-50A196621860}.Release|Any CPU.ActiveCfg = Release|Any CPU
		{133D00A0-A9E1-4156-B531-50A196621860}.Release|Any CPU.Build.0 = Release|Any CPU
	EndGlobalSection
	GlobalSection(SolutionProperties) = preSolution
		HideSolutionNode = FALSE
	EndGlobalSection
	GlobalSection(ExtensibilityGlobals) = postSolution
		SolutionGuid = {A24CEB4D-89A6-437A-AE90-DCB882EB394C}
	EndGlobalSection
EndGlobal
